
Microsoft Visual Studio Solution File, Format Version 12.00
# Visual Studio 15
VisualStudioVersion = 15.0.25807.0
MinimumVisualStudioVersion = 10.0.40219.1
Project("{2150E333-8FDC-42A3-9474-1A3956D46DE8}") = "Engine", "Engine", "{A388F9FB-FF73-42E1-A93B-A0E8014B69A8}"
EndProject
Project("{2150E333-8FDC-42A3-9474-1A3956D46DE8}") = "Games", "Games", "{A3B0F527-CD2B-460C-955E-E92F591B428E}"
EndProject
Project("{8BC9CEB8-8B4A-11D0-8D11-00A0C91BC942}") = "UE4", "Intermediate\ProjectFiles\UE4.vcxproj", "{EE34B5A4-5721-46D3-A8FF-79A24F4CD546}"
EndProject
Project("{8BC9CEB8-8B4A-11D0-8D11-00A0C91BC942}") = "BuildingEscape", "Intermediate\ProjectFiles\BuildingEscape.vcxproj", "{44DBC3D3-D113-4A36-A2FB-7EA49A627AB8}"
EndProject
Global
	GlobalSection(SolutionConfigurationPlatforms) = preSolution
		DebugGame Editor|HTML5 = DebugGame Editor|HTML5
		DebugGame Editor|Win32 = DebugGame Editor|Win32
		DebugGame Editor|Win64 = DebugGame Editor|Win64
		DebugGame|HTML5 = DebugGame|HTML5
		DebugGame|Win32 = DebugGame|Win32
		DebugGame|Win64 = DebugGame|Win64
		Development Editor|HTML5 = Development Editor|HTML5
		Development Editor|Win32 = Development Editor|Win32
		Development Editor|Win64 = Development Editor|Win64
		Development|HTML5 = Development|HTML5
		Development|Win32 = Development|Win32
		Development|Win64 = Development|Win64
		Shipping|HTML5 = Shipping|HTML5
		Shipping|Win32 = Shipping|Win32
		Shipping|Win64 = Shipping|Win64
	EndGlobalSection
	GlobalSection(ProjectConfigurationPlatforms) = postSolution
		{EE34B5A4-5721-46D3-A8FF-79A24F4CD546}.DebugGame Editor|HTML5.ActiveCfg = BuiltWithUnrealBuildTool|Win32
		{EE34B5A4-5721-46D3-A8FF-79A24F4CD546}.DebugGame Editor|HTML5.Build.0 = BuiltWithUnrealBuildTool|Win32
		{EE34B5A4-5721-46D3-A8FF-79A24F4CD546}.DebugGame Editor|Win32.ActiveCfg = BuiltWithUnrealBuildTool|Win32
		{EE34B5A4-5721-46D3-A8FF-79A24F4CD546}.DebugGame Editor|Win32.Build.0 = BuiltWithUnrealBuildTool|Win32
		{EE34B5A4-5721-46D3-A8FF-79A24F4CD546}.DebugGame Editor|Win64.ActiveCfg = BuiltWithUnrealBuildTool|Win32
		{EE34B5A4-5721-46D3-A8FF-79A24F4CD546}.DebugGame Editor|Win64.Build.0 = BuiltWithUnrealBuildTool|Win32
		{EE34B5A4-5721-46D3-A8FF-79A24F4CD546}.DebugGame|HTML5.ActiveCfg = BuiltWithUnrealBuildTool|Win32
		{EE34B5A4-5721-46D3-A8FF-79A24F4CD546}.DebugGame|HTML5.Build.0 = BuiltWithUnrealBuildTool|Win32
		{EE34B5A4-5721-46D3-A8FF-79A24F4CD546}.DebugGame|Win32.ActiveCfg = BuiltWithUnrealBuildTool|Win32
		{EE34B5A4-5721-46D3-A8FF-79A24F4CD546}.DebugGame|Win32.Build.0 = BuiltWithUnrealBuildTool|Win32
		{EE34B5A4-5721-46D3-A8FF-79A24F4CD546}.DebugGame|Win64.ActiveCfg = BuiltWithUnrealBuildTool|Win32
		{EE34B5A4-5721-46D3-A8FF-79A24F4CD546}.DebugGame|Win64.Build.0 = BuiltWithUnrealBuildTool|Win32
		{EE34B5A4-5721-46D3-A8FF-79A24F4CD546}.Development Editor|HTML5.ActiveCfg = BuiltWithUnrealBuildTool|Win32
		{EE34B5A4-5721-46D3-A8FF-79A24F4CD546}.Development Editor|HTML5.Build.0 = BuiltWithUnrealBuildTool|Win32
		{EE34B5A4-5721-46D3-A8FF-79A24F4CD546}.Development Editor|Win32.ActiveCfg = BuiltWithUnrealBuildTool|Win32
		{EE34B5A4-5721-46D3-A8FF-79A24F4CD546}.Development Editor|Win32.Build.0 = BuiltWithUnrealBuildTool|Win32
		{EE34B5A4-5721-46D3-A8FF-79A24F4CD546}.Development Editor|Win64.ActiveCfg = BuiltWithUnrealBuildTool|Win32
		{EE34B5A4-5721-46D3-A8FF-79A24F4CD546}.Development Editor|Win64.Build.0 = BuiltWithUnrealBuildTool|Win32
		{EE34B5A4-5721-46D3-A8FF-79A24F4CD546}.Development|HTML5.ActiveCfg = BuiltWithUnrealBuildTool|Win32
		{EE34B5A4-5721-46D3-A8FF-79A24F4CD546}.Development|HTML5.Build.0 = BuiltWithUnrealBuildTool|Win32
		{EE34B5A4-5721-46D3-A8FF-79A24F4CD546}.Development|Win32.ActiveCfg = BuiltWithUnrealBuildTool|Win32
		{EE34B5A4-5721-46D3-A8FF-79A24F4CD546}.Development|Win32.Build.0 = BuiltWithUnrealBuildTool|Win32
		{EE34B5A4-5721-46D3-A8FF-79A24F4CD546}.Development|Win64.ActiveCfg = BuiltWithUnrealBuildTool|Win32
		{EE34B5A4-5721-46D3-A8FF-79A24F4CD546}.Development|Win64.Build.0 = BuiltWithUnrealBuildTool|Win32
		{EE34B5A4-5721-46D3-A8FF-79A24F4CD546}.Shipping|HTML5.ActiveCfg = BuiltWithUnrealBuildTool|Win32
		{EE34B5A4-5721-46D3-A8FF-79A24F4CD546}.Shipping|HTML5.Build.0 = BuiltWithUnrealBuildTool|Win32
		{EE34B5A4-5721-46D3-A8FF-79A24F4CD546}.Shipping|Win32.ActiveCfg = BuiltWithUnrealBuildTool|Win32
		{EE34B5A4-5721-46D3-A8FF-79A24F4CD546}.Shipping|Win32.Build.0 = BuiltWithUnrealBuildTool|Win32
		{EE34B5A4-5721-46D3-A8FF-79A24F4CD546}.Shipping|Win64.ActiveCfg = BuiltWithUnrealBuildTool|Win32
		{EE34B5A4-5721-46D3-A8FF-79A24F4CD546}.Shipping|Win64.Build.0 = BuiltWithUnrealBuildTool|Win32
		{44DBC3D3-D113-4A36-A2FB-7EA49A627AB8}.DebugGame Editor|HTML5.ActiveCfg = HTML5_DebugGame_Editor|Win32
		{44DBC3D3-D113-4A36-A2FB-7EA49A627AB8}.DebugGame Editor|Win32.ActiveCfg = DebugGame_Editor|Win32
		{44DBC3D3-D113-4A36-A2FB-7EA49A627AB8}.DebugGame Editor|Win64.ActiveCfg = DebugGame_Editor|x64
		{44DBC3D3-D113-4A36-A2FB-7EA49A627AB8}.DebugGame Editor|Win64.Build.0 = DebugGame_Editor|x64
		{44DBC3D3-D113-4A36-A2FB-7EA49A627AB8}.DebugGame|HTML5.ActiveCfg = HTML5_DebugGame_Game|Win32
		{44DBC3D3-D113-4A36-A2FB-7EA49A627AB8}.DebugGame|HTML5.Build.0 = HTML5_DebugGame_Game|Win32
		{44DBC3D3-D113-4A36-A2FB-7EA49A627AB8}.DebugGame|Win32.ActiveCfg = DebugGame_Game|Win32
		{44DBC3D3-D113-4A36-A2FB-7EA49A627AB8}.DebugGame|Win32.Build.0 = DebugGame_Game|Win32
		{44DBC3D3-D113-4A36-A2FB-7EA49A627AB8}.DebugGame|Win64.ActiveCfg = DebugGame_Game|x64
		{44DBC3D3-D113-4A36-A2FB-7EA49A627AB8}.DebugGame|Win64.Build.0 = DebugGame_Game|x64
		{44DBC3D3-D113-4A36-A2FB-7EA49A627AB8}.Development Editor|HTML5.ActiveCfg = HTML5_Development_Editor|Win32
		{44DBC3D3-D113-4A36-A2FB-7EA49A627AB8}.Development Editor|Win32.ActiveCfg = Development_Editor|Win32
		{44DBC3D3-D113-4A36-A2FB-7EA49A627AB8}.Development Editor|Win64.ActiveCfg = Development_Editor|x64
		{44DBC3D3-D113-4A36-A2FB-7EA49A627AB8}.Development Editor|Win64.Build.0 = Development_Editor|x64
		{44DBC3D3-D113-4A36-A2FB-7EA49A627AB8}.Development|HTML5.ActiveCfg = HTML5_Development_Game|Win32
		{44DBC3D3-D113-4A36-A2FB-7EA49A627AB8}.Development|HTML5.Build.0 = HTML5_Development_Game|Win32
		{44DBC3D3-D113-4A36-A2FB-7EA49A627AB8}.Development|Win32.ActiveCfg = Development_Game|Win32
		{44DBC3D3-D113-4A36-A2FB-7EA49A627AB8}.Development|Win32.Build.0 = Development_Game|Win32
		{44DBC3D3-D113-4A36-A2FB-7EA49A627AB8}.Development|Win64.ActiveCfg = Development_Game|x64
		{44DBC3D3-D113-4A36-A2FB-7EA49A627AB8}.Development|Win64.Build.0 = Development_Game|x64
		{44DBC3D3-D113-4A36-A2FB-7EA49A627AB8}.Shipping|HTML5.ActiveCfg = HTML5_Shipping_Game|Win32
		{44DBC3D3-D113-4A36-A2FB-7EA49A627AB8}.Shipping|HTML5.Build.0 = HTML5_Shipping_Game|Win32
		{44DBC3D3-D113-4A36-A2FB-7EA49A627AB8}.Shipping|Win32.ActiveCfg = Shipping_Game|Win32
		{44DBC3D3-D113-4A36-A2FB-7EA49A627AB8}.Shipping|Win32.Build.0 = Shipping_Game|Win32
		{44DBC3D3-D113-4A36-A2FB-7EA49A627AB8}.Shipping|Win64.ActiveCfg = Shipping_Game|x64
		{44DBC3D3-D113-4A36-A2FB-7EA49A627AB8}.Shipping|Win64.Build.0 = Shipping_Game|x64
	EndGlobalSection
	GlobalSection(SolutionProperties) = preSolution
		HideSolutionNode = FALSE
	EndGlobalSection
	GlobalSection(NestedProjects) = preSolution
		{EE34B5A4-5721-46D3-A8FF-79A24F4CD546} = {A388F9FB-FF73-42E1-A93B-A0E8014B69A8}
		{44DBC3D3-D113-4A36-A2FB-7EA49A627AB8} = {A3B0F527-CD2B-460C-955E-E92F591B428E}
	EndGlobalSection
	GlobalSection(ExtensibilityGlobals) = postSolution
		SolutionGuid = {97259CDF-860F-47F0-BD69-77BCA3D03B20}
	EndGlobalSection
EndGlobal
